
Microsoft Visual Studio Solution File, Format Version 12.00
# Visual Studio 15
VisualStudioVersion = 15.0.27703.2026
MinimumVisualStudioVersion = 10.0.40219.1
Project("{9A19103F-16F7-4668-BE54-9A1E7A4F7556}") = "Guaranteed_Income", "Guaranteed_Income\Guaranteed_Income.csproj", "{2B4895FC-D493-4C7F-A433-4C4ED46067EB}"
EndProject
Project("{FAE04EC0-301F-11D3-BF4B-00C04F79EFBC}") = "Guaranteed_Income.Tests", "Guaranteed_Income.Tests\Guaranteed_Income.Tests.csproj", "{9CFBAD28-8EEE-4F41-B35D-106AB65E2FE2}"
EndProject
Global
	GlobalSection(SolutionConfigurationPlatforms) = preSolution
		Debug|Any CPU = Debug|Any CPU
		Release|Any CPU = Release|Any CPU
	EndGlobalSection
	GlobalSection(ProjectConfigurationPlatforms) = postSolution
		{2B4895FC-D493-4C7F-A433-4C4ED46067EB}.Debug|Any CPU.ActiveCfg = Debug|Any CPU
		{2B4895FC-D493-4C7F-A433-4C4ED46067EB}.Debug|Any CPU.Build.0 = Debug|Any CPU
		{2B4895FC-D493-4C7F-A433-4C4ED46067EB}.Release|Any CPU.ActiveCfg = Release|Any CPU
		{2B4895FC-D493-4C7F-A433-4C4ED46067EB}.Release|Any CPU.Build.0 = Release|Any CPU
		{9CFBAD28-8EEE-4F41-B35D-106AB65E2FE2}.Debug|Any CPU.ActiveCfg = Debug|Any CPU
		{9CFBAD28-8EEE-4F41-B35D-106AB65E2FE2}.Debug|Any CPU.Build.0 = Debug|Any CPU
		{9CFBAD28-8EEE-4F41-B35D-106AB65E2FE2}.Release|Any CPU.ActiveCfg = Release|Any CPU
		{9CFBAD28-8EEE-4F41-B35D-106AB65E2FE2}.Release|Any CPU.Build.0 = Release|Any CPU
	EndGlobalSection
	GlobalSection(SolutionProperties) = preSolution
		HideSolutionNode = FALSE
	EndGlobalSection
	GlobalSection(ExtensibilityGlobals) = postSolution
		SolutionGuid = {10F5140C-5BDD-4291-8736-CC000B01BAFB}
	EndGlobalSection
EndGlobal
